// !$*UTF8*$!
{
	archiveVersion = 1;
	classes = {
	};
	objectVersion = 56;
	objects = {

/* Begin PBXBuildFile section */
		A170A43B2B7926C50045BB86 /* TabbarMainView.swift in Sources */ = {isa = PBXBuildFile; fileRef = A170A43A2B7926C50045BB86 /* TabbarMainView.swift */; };
		A170A43E2B7927760045BB86 /* HomeMainView.swift in Sources */ = {isa = PBXBuildFile; fileRef = A170A43D2B7927760045BB86 /* HomeMainView.swift */; };
		A170A4412B7927A40045BB86 /* ProfileMainView.swift in Sources */ = {isa = PBXBuildFile; fileRef = A170A4402B7927A40045BB86 /* ProfileMainView.swift */; };
		A170A4442B793FB10045BB86 /* Montserrat-Regular.ttf in Resources */ = {isa = PBXBuildFile; fileRef = A170A4432B793FB10045BB86 /* Montserrat-Regular.ttf */; };
		A170A4462B793FCD0045BB86 /* Montserrat-Bold.ttf in Resources */ = {isa = PBXBuildFile; fileRef = A170A4452B793FCD0045BB86 /* Montserrat-Bold.ttf */; };
		A170A44A2B7940EC0045BB86 /* Font+Ext.swift in Sources */ = {isa = PBXBuildFile; fileRef = A170A4492B7940EC0045BB86 /* Font+Ext.swift */; };
		A170A44C2B7941650045BB86 /* Color+Ext.swift in Sources */ = {isa = PBXBuildFile; fileRef = A170A44B2B7941650045BB86 /* Color+Ext.swift */; };
		A170A44E2B7942F10045BB86 /* Constants.swift in Sources */ = {isa = PBXBuildFile; fileRef = A170A44D2B7942F10045BB86 /* Constants.swift */; };
		A170A4512B7949110045BB86 /* TextInputView.swift in Sources */ = {isa = PBXBuildFile; fileRef = A170A4502B7949110045BB86 /* TextInputView.swift */; };
		A19C56272B791D4E0038D291 /* DevRushApp.swift in Sources */ = {isa = PBXBuildFile; fileRef = A19C56262B791D4E0038D291 /* DevRushApp.swift */; };
		A19C562B2B791D4F0038D291 /* Assets.xcassets in Resources */ = {isa = PBXBuildFile; fileRef = A19C562A2B791D4F0038D291 /* Assets.xcassets */; };
		A19C562E2B791D4F0038D291 /* Preview Assets.xcassets in Resources */ = {isa = PBXBuildFile; fileRef = A19C562D2B791D4F0038D291 /* Preview Assets.xcassets */; };
/* End PBXBuildFile section */

/* Begin PBXFileReference section */
		A170A43A2B7926C50045BB86 /* TabbarMainView.swift */ = {isa = PBXFileReference; lastKnownFileType = sourcecode.swift; path = TabbarMainView.swift; sourceTree = "<group>"; };
		A170A43D2B7927760045BB86 /* HomeMainView.swift */ = {isa = PBXFileReference; lastKnownFileType = sourcecode.swift; path = HomeMainView.swift; sourceTree = "<group>"; };
		A170A4402B7927A40045BB86 /* ProfileMainView.swift */ = {isa = PBXFileReference; lastKnownFileType = sourcecode.swift; path = ProfileMainView.swift; sourceTree = "<group>"; };
		A170A4432B793FB10045BB86 /* Montserrat-Regular.ttf */ = {isa = PBXFileReference; lastKnownFileType = file; path = "Montserrat-Regular.ttf"; sourceTree = "<group>"; };
		A170A4452B793FCD0045BB86 /* Montserrat-Bold.ttf */ = {isa = PBXFileReference; lastKnownFileType = file; path = "Montserrat-Bold.ttf"; sourceTree = "<group>"; };
		A170A4472B7940210045BB86 /* Info.plist */ = {isa = PBXFileReference; lastKnownFileType = text.plist; path = Info.plist; sourceTree = "<group>"; };
		A170A4492B7940EC0045BB86 /* Font+Ext.swift */ = {isa = PBXFileReference; lastKnownFileType = sourcecode.swift; path = "Font+Ext.swift"; sourceTree = "<group>"; };
		A170A44B2B7941650045BB86 /* Color+Ext.swift */ = {isa = PBXFileReference; lastKnownFileType = sourcecode.swift; path = "Color+Ext.swift"; sourceTree = "<group>"; };
		A170A44D2B7942F10045BB86 /* Constants.swift */ = {isa = PBXFileReference; lastKnownFileType = sourcecode.swift; path = Constants.swift; sourceTree = "<group>"; };
		A170A4502B7949110045BB86 /* TextInputView.swift */ = {isa = PBXFileReference; lastKnownFileType = sourcecode.swift; path = TextInputView.swift; sourceTree = "<group>"; };
		A19C56232B791D4E0038D291 /* DevRush.app */ = {isa = PBXFileReference; explicitFileType = wrapper.application; includeInIndex = 0; path = DevRush.app; sourceTree = BUILT_PRODUCTS_DIR; };
		A19C56262B791D4E0038D291 /* DevRushApp.swift */ = {isa = PBXFileReference; lastKnownFileType = sourcecode.swift; path = DevRushApp.swift; sourceTree = "<group>"; };
		A19C562A2B791D4F0038D291 /* Assets.xcassets */ = {isa = PBXFileReference; lastKnownFileType = folder.assetcatalog; path = Assets.xcassets; sourceTree = "<group>"; };
		A19C562D2B791D4F0038D291 /* Preview Assets.xcassets */ = {isa = PBXFileReference; lastKnownFileType = folder.assetcatalog; path = "Preview Assets.xcassets"; sourceTree = "<group>"; };
/* End PBXFileReference section */

/* Begin PBXFrameworksBuildPhase section */
		A19C56202B791D4E0038D291 /* Frameworks */ = {
			isa = PBXFrameworksBuildPhase;
			buildActionMask = 2147483647;
			files = (
			);
			runOnlyForDeploymentPostprocessing = 0;
		};
/* End PBXFrameworksBuildPhase section */

/* Begin PBXGroup section */
		A170A4362B7924E90045BB86 /* Screens */ = {
			isa = PBXGroup;
			children = (
				A170A43F2B79278E0045BB86 /* Profile */,
				A170A43C2B7927620045BB86 /* Home */,
				A170A4392B7926AA0045BB86 /* Tabbar */,
			);
			path = Screens;
			sourceTree = "<group>";
		};
		A170A4392B7926AA0045BB86 /* Tabbar */ = {
			isa = PBXGroup;
			children = (
				A170A43A2B7926C50045BB86 /* TabbarMainView.swift */,
			);
			path = Tabbar;
			sourceTree = "<group>";
		};
		A170A43C2B7927620045BB86 /* Home */ = {
			isa = PBXGroup;
			children = (
				A170A43D2B7927760045BB86 /* HomeMainView.swift */,
			);
			path = Home;
			sourceTree = "<group>";
		};
		A170A43F2B79278E0045BB86 /* Profile */ = {
			isa = PBXGroup;
			children = (
				A170A4402B7927A40045BB86 /* ProfileMainView.swift */,
			);
			path = Profile;
			sourceTree = "<group>";
		};
		A170A4422B793F9C0045BB86 /* Fonts */ = {
			isa = PBXGroup;
			children = (
				A170A4452B793FCD0045BB86 /* Montserrat-Bold.ttf */,
				A170A4432B793FB10045BB86 /* Montserrat-Regular.ttf */,
			);
			path = Fonts;
			sourceTree = "<group>";
		};
		A170A4482B7940D20045BB86 /* Extensions */ = {
			isa = PBXGroup;
			children = (
				A170A4492B7940EC0045BB86 /* Font+Ext.swift */,
				A170A44B2B7941650045BB86 /* Color+Ext.swift */,
				A170A44D2B7942F10045BB86 /* Constants.swift */,
			);
			path = Extensions;
			sourceTree = "<group>";
		};
		A170A44F2B7948BC0045BB86 /* Components */ = {
			isa = PBXGroup;
			children = (
				A170A4502B7949110045BB86 /* TextInputView.swift */,
			);
			path = Components;
			sourceTree = "<group>";
		};
		A19C561A2B791D4E0038D291 = {
			isa = PBXGroup;
			children = (
				A19C56252B791D4E0038D291 /* DevRush */,
				A19C56242B791D4E0038D291 /* Products */,
			);
			sourceTree = "<group>";
		};
		A19C56242B791D4E0038D291 /* Products */ = {
			isa = PBXGroup;
			children = (
				A19C56232B791D4E0038D291 /* DevRush.app */,
			);
			name = Products;
			sourceTree = "<group>";
		};
		A19C56252B791D4E0038D291 /* DevRush */ = {
			isa = PBXGroup;
			children = (
				A170A4472B7940210045BB86 /* Info.plist */,
				A19C56342B791DE40038D291 /* Application */,
				A170A4362B7924E90045BB86 /* Screens */,
				A170A44F2B7948BC0045BB86 /* Components */,
				A170A4482B7940D20045BB86 /* Extensions */,
				A19C56352B791DED0038D291 /* Resources */,
				A19C562C2B791D4F0038D291 /* Preview Content */,
			);
			path = DevRush;
			sourceTree = "<group>";
		};
		A19C562C2B791D4F0038D291 /* Preview Content */ = {
			isa = PBXGroup;
			children = (
				A19C562D2B791D4F0038D291 /* Preview Assets.xcassets */,
			);
			path = "Preview Content";
			sourceTree = "<group>";
		};
		A19C56342B791DE40038D291 /* Application */ = {
			isa = PBXGroup;
			children = (
				A19C56262B791D4E0038D291 /* DevRushApp.swift */,
			);
			path = Application;
			sourceTree = "<group>";
		};
		A19C56352B791DED0038D291 /* Resources */ = {
			isa = PBXGroup;
			children = (
				A170A4422B793F9C0045BB86 /* Fonts */,
				A19C562A2B791D4F0038D291 /* Assets.xcassets */,
			);
			path = Resources;
			sourceTree = "<group>";
		};
/* End PBXGroup section */

/* Begin PBXNativeTarget section */
		A19C56222B791D4E0038D291 /* DevRush */ = {
			isa = PBXNativeTarget;
			buildConfigurationList = A19C56312B791D4F0038D291 /* Build configuration list for PBXNativeTarget "DevRush" */;
			buildPhases = (
				A19C561F2B791D4E0038D291 /* Sources */,
				A19C56202B791D4E0038D291 /* Frameworks */,
				A19C56212B791D4E0038D291 /* Resources */,
			);
			buildRules = (
			);
			dependencies = (
			);
			name = DevRush;
			productName = DevRush;
			productReference = A19C56232B791D4E0038D291 /* DevRush.app */;
			productType = "com.apple.product-type.application";
		};
/* End PBXNativeTarget section */

/* Begin PBXProject section */
		A19C561B2B791D4E0038D291 /* Project object */ = {
			isa = PBXProject;
			attributes = {
				BuildIndependentTargetsInParallel = 1;
				LastSwiftUpdateCheck = 1520;
				LastUpgradeCheck = 1520;
				TargetAttributes = {
					A19C56222B791D4E0038D291 = {
						CreatedOnToolsVersion = 15.2;
					};
				};
			};
			buildConfigurationList = A19C561E2B791D4E0038D291 /* Build configuration list for PBXProject "DevRush" */;
			compatibilityVersion = "Xcode 14.0";
			developmentRegion = en;
			hasScannedForEncodings = 0;
			knownRegions = (
				en,
				Base,
			);
			mainGroup = A19C561A2B791D4E0038D291;
			productRefGroup = A19C56242B791D4E0038D291 /* Products */;
			projectDirPath = "";
			projectRoot = "";
			targets = (
				A19C56222B791D4E0038D291 /* DevRush */,
			);
		};
/* End PBXProject section */

/* Begin PBXResourcesBuildPhase section */
		A19C56212B791D4E0038D291 /* Resources */ = {
			isa = PBXResourcesBuildPhase;
			buildActionMask = 2147483647;
			files = (
				A170A4462B793FCD0045BB86 /* Montserrat-Bold.ttf in Resources */,
				A170A4442B793FB10045BB86 /* Montserrat-Regular.ttf in Resources */,
				A19C562E2B791D4F0038D291 /* Preview Assets.xcassets in Resources */,
				A19C562B2B791D4F0038D291 /* Assets.xcassets in Resources */,
			);
			runOnlyForDeploymentPostprocessing = 0;
		};
/* End PBXResourcesBuildPhase section */

/* Begin PBXSourcesBuildPhase section */
		A19C561F2B791D4E0038D291 /* Sources */ = {
			isa = PBXSourcesBuildPhase;
			buildActionMask = 2147483647;
			files = (
				A170A43E2B7927760045BB86 /* HomeMainView.swift in Sources */,
				A170A4412B7927A40045BB86 /* ProfileMainView.swift in Sources */,
				A19C56272B791D4E0038D291 /* DevRushApp.swift in Sources */,
				A170A44A2B7940EC0045BB86 /* Font+Ext.swift in Sources */,
				A170A44E2B7942F10045BB86 /* Constants.swift in Sources */,
				A170A43B2B7926C50045BB86 /* TabbarMainView.swift in Sources */,
				A170A4512B7949110045BB86 /* TextInputView.swift in Sources */,
				A170A44C2B7941650045BB86 /* Color+Ext.swift in Sources */,
			);
			runOnlyForDeploymentPostprocessing = 0;
		};
/* End PBXSourcesBuildPhase section */

/* Begin XCBuildConfiguration section */
		A19C562F2B791D4F0038D291 /* Debug */ = {
			isa = XCBuildConfiguration;
			buildSettings = {
				ALWAYS_SEARCH_USER_PATHS = NO;
				ASSETCATALOG_COMPILER_GENERATE_SWIFT_ASSET_SYMBOL_EXTENSIONS = YES;
				CLANG_ANALYZER_NONNULL = YES;
				CLANG_ANALYZER_NUMBER_OBJECT_CONVERSION = YES_AGGRESSIVE;
				CLANG_CXX_LANGUAGE_STANDARD = "gnu++20";
				CLANG_ENABLE_MODULES = YES;
				CLANG_ENABLE_OBJC_ARC = YES;
				CLANG_ENABLE_OBJC_WEAK = YES;
				CLANG_WARN_BLOCK_CAPTURE_AUTORELEASING = YES;
				CLANG_WARN_BOOL_CONVERSION = YES;
				CLANG_WARN_COMMA = YES;
				CLANG_WARN_CONSTANT_CONVERSION = YES;
				CLANG_WARN_DEPRECATED_OBJC_IMPLEMENTATIONS = YES;
				CLANG_WARN_DIRECT_OBJC_ISA_USAGE = YES_ERROR;
				CLANG_WARN_DOCUMENTATION_COMMENTS = YES;
				CLANG_WARN_EMPTY_BODY = YES;
				CLANG_WARN_ENUM_CONVERSION = YES;
				CLANG_WARN_INFINITE_RECURSION = YES;
				CLANG_WARN_INT_CONVERSION = YES;
				CLANG_WARN_NON_LITERAL_NULL_CONVERSION = YES;
				CLANG_WARN_OBJC_IMPLICIT_RETAIN_SELF = YES;
				CLANG_WARN_OBJC_LITERAL_CONVERSION = YES;
				CLANG_WARN_OBJC_ROOT_CLASS = YES_ERROR;
				CLANG_WARN_QUOTED_INCLUDE_IN_FRAMEWORK_HEADER = YES;
				CLANG_WARN_RANGE_LOOP_ANALYSIS = YES;
				CLANG_WARN_STRICT_PROTOTYPES = YES;
				CLANG_WARN_SUSPICIOUS_MOVE = YES;
				CLANG_WARN_UNGUARDED_AVAILABILITY = YES_AGGRESSIVE;
				CLANG_WARN_UNREACHABLE_CODE = YES;
				CLANG_WARN__DUPLICATE_METHOD_MATCH = YES;
				COPY_PHASE_STRIP = NO;
				DEBUG_INFORMATION_FORMAT = dwarf;
				ENABLE_STRICT_OBJC_MSGSEND = YES;
				ENABLE_TESTABILITY = YES;
				ENABLE_USER_SCRIPT_SANDBOXING = YES;
				GCC_C_LANGUAGE_STANDARD = gnu17;
				GCC_DYNAMIC_NO_PIC = NO;
				GCC_NO_COMMON_BLOCKS = YES;
				GCC_OPTIMIZATION_LEVEL = 0;
				GCC_PREPROCESSOR_DEFINITIONS = (
					"DEBUG=1",
					"$(inherited)",
				);
				GCC_WARN_64_TO_32_BIT_CONVERSION = YES;
				GCC_WARN_ABOUT_RETURN_TYPE = YES_ERROR;
				GCC_WARN_UNDECLARED_SELECTOR = YES;
				GCC_WARN_UNINITIALIZED_AUTOS = YES_AGGRESSIVE;
				GCC_WARN_UNUSED_FUNCTION = YES;
				GCC_WARN_UNUSED_VARIABLE = YES;
				IPHONEOS_DEPLOYMENT_TARGET = 17.2;
				LOCALIZATION_PREFERS_STRING_CATALOGS = YES;
				MTL_ENABLE_DEBUG_INFO = INCLUDE_SOURCE;
				MTL_FAST_MATH = YES;
				ONLY_ACTIVE_ARCH = YES;
				SDKROOT = iphoneos;
				SWIFT_ACTIVE_COMPILATION_CONDITIONS = "DEBUG $(inherited)";
				SWIFT_OPTIMIZATION_LEVEL = "-Onone";
			};
			name = Debug;
		};
		A19C56302B791D4F0038D291 /* Release */ = {
			isa = XCBuildConfiguration;
			buildSettings = {
				ALWAYS_SEARCH_USER_PATHS = NO;
				ASSETCATALOG_COMPILER_GENERATE_SWIFT_ASSET_SYMBOL_EXTENSIONS = YES;
				CLANG_ANALYZER_NONNULL = YES;
				CLANG_ANALYZER_NUMBER_OBJECT_CONVERSION = YES_AGGRESSIVE;
				CLANG_CXX_LANGUAGE_STANDARD = "gnu++20";
				CLANG_ENABLE_MODULES = YES;
				CLANG_ENABLE_OBJC_ARC = YES;
				CLANG_ENABLE_OBJC_WEAK = YES;
				CLANG_WARN_BLOCK_CAPTURE_AUTORELEASING = YES;
				CLANG_WARN_BOOL_CONVERSION = YES;
				CLANG_WARN_COMMA = YES;
				CLANG_WARN_CONSTANT_CONVERSION = YES;
				CLANG_WARN_DEPRECATED_OBJC_IMPLEMENTATIONS = YES;
				CLANG_WARN_DIRECT_OBJC_ISA_USAGE = YES_ERROR;
				CLANG_WARN_DOCUMENTATION_COMMENTS = YES;
				CLANG_WARN_EMPTY_BODY = YES;
				CLANG_WARN_ENUM_CONVERSION = YES;
				CLANG_WARN_INFINITE_RECURSION = YES;
				CLANG_WARN_INT_CONVERSION = YES;
				CLANG_WARN_NON_LITERAL_NULL_CONVERSION = YES;
				CLANG_WARN_OBJC_IMPLICIT_RETAIN_SELF = YES;
				CLANG_WARN_OBJC_LITERAL_CONVERSION = YES;
				CLANG_WARN_OBJC_ROOT_CLASS = YES_ERROR;
				CLANG_WARN_QUOTED_INCLUDE_IN_FRAMEWORK_HEADER = YES;
				CLANG_WARN_RANGE_LOOP_ANALYSIS = YES;
				CLANG_WARN_STRICT_PROTOTYPES = YES;
				CLANG_WARN_SUSPICIOUS_MOVE = YES;
				CLANG_WARN_UNGUARDED_AVAILABILITY = YES_AGGRESSIVE;
				CLANG_WARN_UNREACHABLE_CODE = YES;
				CLANG_WARN__DUPLICATE_METHOD_MATCH = YES;
				COPY_PHASE_STRIP = NO;
				DEBUG_INFORMATION_FORMAT = "dwarf-with-dsym";
				ENABLE_NS_ASSERTIONS = NO;
				ENABLE_STRICT_OBJC_MSGSEND = YES;
				ENABLE_USER_SCRIPT_SANDBOXING = YES;
				GCC_C_LANGUAGE_STANDARD = gnu17;
				GCC_NO_COMMON_BLOCKS = YES;
				GCC_WARN_64_TO_32_BIT_CONVERSION = YES;
				GCC_WARN_ABOUT_RETURN_TYPE = YES_ERROR;
				GCC_WARN_UNDECLARED_SELECTOR = YES;
				GCC_WARN_UNINITIALIZED_AUTOS = YES_AGGRESSIVE;
				GCC_WARN_UNUSED_FUNCTION = YES;
				GCC_WARN_UNUSED_VARIABLE = YES;
				IPHONEOS_DEPLOYMENT_TARGET = 17.2;
				LOCALIZATION_PREFERS_STRING_CATALOGS = YES;
				MTL_ENABLE_DEBUG_INFO = NO;
				MTL_FAST_MATH = YES;
				SDKROOT = iphoneos;
				SWIFT_COMPILATION_MODE = wholemodule;
				VALIDATE_PRODUCT = YES;
			};
			name = Release;
		};
		A19C56322B791D4F0038D291 /* Debug */ = {
			isa = XCBuildConfiguration;
			buildSettings = {
				ASSETCATALOG_COMPILER_APPICON_NAME = AppIcon;
				ASSETCATALOG_COMPILER_GLOBAL_ACCENT_COLOR_NAME = AccentColor;
				CODE_SIGN_STYLE = Automatic;
				CURRENT_PROJECT_VERSION = 1;
				DEVELOPMENT_ASSET_PATHS = "\"DevRush/Preview Content\"";
				DEVELOPMENT_TEAM = Z262BFFWGC;
				ENABLE_PREVIEWS = YES;
				GENERATE_INFOPLIST_FILE = YES;
				INFOPLIST_FILE = DevRush/Info.plist;
				INFOPLIST_KEY_CFBundleDisplayName = DevRush;
				INFOPLIST_KEY_LSApplicationCategoryType = "public.app-category.education";
				INFOPLIST_KEY_UIApplicationSceneManifest_Generation = YES;
				INFOPLIST_KEY_UIApplicationSupportsIndirectInputEvents = YES;
				INFOPLIST_KEY_UILaunchScreen_Generation = YES;
				INFOPLIST_KEY_UISupportedInterfaceOrientations = UIInterfaceOrientationPortrait;
				INFOPLIST_KEY_UISupportedInterfaceOrientations_iPad = "UIInterfaceOrientationLandscapeLeft UIInterfaceOrientationLandscapeRight UIInterfaceOrientationPortrait UIInterfaceOrientationPortraitUpsideDown";
				IPHONEOS_DEPLOYMENT_TARGET = 17.0;
				LD_RUNPATH_SEARCH_PATHS = (
					"$(inherited)",
					"@executable_path/Frameworks",
				);
				MARKETING_VERSION = 1.0;
				PRODUCT_BUNDLE_IDENTIFIER = alexrodionby.DevRush;
				PRODUCT_NAME = "$(TARGET_NAME)";
				SUPPORTED_PLATFORMS = "iphoneos iphonesimulator";
				SUPPORTS_MACCATALYST = NO;
				SUPPORTS_MAC_DESIGNED_FOR_IPHONE_IPAD = NO;
				SUPPORTS_XR_DESIGNED_FOR_IPHONE_IPAD = NO;
				SWIFT_EMIT_LOC_STRINGS = YES;
				SWIFT_VERSION = 5.0;
				TARGETED_DEVICE_FAMILY = "1,2";
			};
			name = Debug;
		};
		A19C56332B791D4F0038D291 /* Release */ = {
			isa = XCBuildConfiguration;
			buildSettings = {
				ASSETCATALOG_COMPILER_APPICON_NAME = AppIcon;
				ASSETCATALOG_COMPILER_GLOBAL_ACCENT_COLOR_NAME = AccentColor;
				CODE_SIGN_STYLE = Automatic;
				CURRENT_PROJECT_VERSION = 1;
				DEVELOPMENT_ASSET_PATHS = "\"DevRush/Preview Content\"";
				DEVELOPMENT_TEAM = Z262BFFWGC;
				ENABLE_PREVIEWS = YES;
				GENERATE_INFOPLIST_FILE = YES;
				INFOPLIST_FILE = DevRush/Info.plist;
				INFOPLIST_KEY_CFBundleDisplayName = DevRush;
				INFOPLIST_KEY_LSApplicationCategoryType = "public.app-category.education";
				INFOPLIST_KEY_UIApplicationSceneManifest_Generation = YES;
				INFOPLIST_KEY_UIApplicationSupportsIndirectInputEvents = YES;
				INFOPLIST_KEY_UILaunchScreen_Generation = YES;
				INFOPLIST_KEY_UISupportedInterfaceOrientations = UIInterfaceOrientationPortrait;
				INFOPLIST_KEY_UISupportedInterfaceOrientations_iPad = "UIInterfaceOrientationLandscapeLeft UIInterfaceOrientationLandscapeRight UIInterfaceOrientationPortrait UIInterfaceOrientationPortraitUpsideDown";
				IPHONEOS_DEPLOYMENT_TARGET = 17.0;
				LD_RUNPATH_SEARCH_PATHS = (
					"$(inherited)",
					"@executable_path/Frameworks",
				);
				MARKETING_VERSION = 1.0;
				PRODUCT_BUNDLE_IDENTIFIER = alexrodionby.DevRush;
				PRODUCT_NAME = "$(TARGET_NAME)";
				SUPPORTED_PLATFORMS = "iphoneos iphonesimulator";
				SUPPORTS_MACCATALYST = NO;
				SUPPORTS_MAC_DESIGNED_FOR_IPHONE_IPAD = NO;
				SUPPORTS_XR_DESIGNED_FOR_IPHONE_IPAD = NO;
				SWIFT_EMIT_LOC_STRINGS = YES;
				SWIFT_VERSION = 5.0;
				TARGETED_DEVICE_FAMILY = "1,2";
			};
			name = Release;
		};
/* End XCBuildConfiguration section */

/* Begin XCConfigurationList section */
		A19C561E2B791D4E0038D291 /* Build configuration list for PBXProject "DevRush" */ = {
			isa = XCConfigurationList;
			buildConfigurations = (
				A19C562F2B791D4F0038D291 /* Debug */,
				A19C56302B791D4F0038D291 /* Release */,
			);
			defaultConfigurationIsVisible = 0;
			defaultConfigurationName = Release;
		};
		A19C56312B791D4F0038D291 /* Build configuration list for PBXNativeTarget "DevRush" */ = {
			isa = XCConfigurationList;
			buildConfigurations = (
				A19C56322B791D4F0038D291 /* Debug */,
				A19C56332B791D4F0038D291 /* Release */,
			);
			defaultConfigurationIsVisible = 0;
			defaultConfigurationName = Release;
		};
/* End XCConfigurationList section */
	};
	rootObject = A19C561B2B791D4E0038D291 /* Project object */;
}
